
Microsoft Visual Studio Solution File, Format Version 12.00
# Visual Studio Version 17
VisualStudioVersion = 17.8.34322.80
MinimumVisualStudioVersion = 10.0.40219.1
Project("{9A19103F-16F7-4668-BE54-9A1E7A4F7556}") = "ClipboardHelper", "src\ClipboardHelper\ClipboardHelper.csproj", "{DF73FE31-D46F-4041-BEAA-F1873DADCC3B}"
EndProject
Project("{2150E333-8FDC-42A3-9474-1A3956D46DE8}") = "SolutionItems", "SolutionItems", "{5373D7D8-F3FA-498F-B968-4EFB38A1513D}"
	ProjectSection(SolutionItems) = preProject
		..\.dockerignore = ..\.dockerignore
		..\.gitignore = ..\.gitignore
		..\Directory.Build.props = ..\Directory.Build.props
		..\LICENSE = ..\LICENSE
		..\README.md = ..\README.md
	EndProjectSection
EndProject
Global
	GlobalSection(SolutionConfigurationPlatforms) = preSolution
		Debug|Any CPU = Debug|Any CPU
		Release|Any CPU = Release|Any CPU
	EndGlobalSection
	GlobalSection(ProjectConfigurationPlatforms) = postSolution
		{DF73FE31-D46F-4041-BEAA-F1873DADCC3B}.Debug|Any CPU.ActiveCfg = Debug|Any CPU
		{DF73FE31-D46F-4041-BEAA-F1873DADCC3B}.Debug|Any CPU.Build.0 = Debug|Any CPU
		{DF73FE31-D46F-4041-BEAA-F1873DADCC3B}.Release|Any CPU.ActiveCfg = Release|Any CPU
		{DF73FE31-D46F-4041-BEAA-F1873DADCC3B}.Release|Any CPU.Build.0 = Release|Any CPU
	EndGlobalSection
	GlobalSection(SolutionProperties) = preSolution
		HideSolutionNode = FALSE
	EndGlobalSection
	GlobalSection(ExtensibilityGlobals) = postSolution
		SolutionGuid = {24B2ABF0-2DEF-4349-B8D5-2E15F3F75E59}
	EndGlobalSection
EndGlobal
